
Microsoft Visual Studio Solution File, Format Version 12.00
# Visual Studio Version 16
VisualStudioVersion = 16.0.29009.5
MinimumVisualStudioVersion = 10.0.40219.1
Project("{FAE04EC0-301F-11D3-BF4B-00C04F79EFBC}") = "Pokedex_XamUIJuly.UWP", "Pokedex_XamUIJuly\Pokedex_XamUIJuly.UWP\Pokedex_XamUIJuly.UWP.csproj", "{7F07EF2F-77C4-4248-BEFB-4922C2B57D34}"
EndProject
Project("{FAE04EC0-301F-11D3-BF4B-00C04F79EFBC}") = "Pokedex_XamUIJuly.Android", "Pokedex_XamUIJuly\Pokedex_XamUIJuly.Android\Pokedex_XamUIJuly.Android.csproj", "{9D1F8FFC-8B68-4DFF-8107-7782E77FC723}"
EndProject
Project("{FAE04EC0-301F-11D3-BF4B-00C04F79EFBC}") = "Pokedex_XamUIJuly.iOS", "Pokedex_XamUIJuly\Pokedex_XamUIJuly.iOS\Pokedex_XamUIJuly.iOS.csproj", "{DB577400-3217-4617-A45D-A4609A24FDA2}"
EndProject
Project("{FAE04EC0-301F-11D3-BF4B-00C04F79EFBC}") = "Pokedex_XamUIJuly", "Pokedex_XamUIJuly\Pokedex_XamUIJuly\Pokedex_XamUIJuly.csproj", "{5887ECCE-A6CC-4DD9-9863-C221A51F6BF9}"
EndProject
Global
	GlobalSection(SolutionConfigurationPlatforms) = preSolution
		Debug|Any CPU = Debug|Any CPU
		Debug|ARM = Debug|ARM
		Debug|iPhone = Debug|iPhone
		Debug|iPhoneSimulator = Debug|iPhoneSimulator
		Debug|x64 = Debug|x64
		Debug|x86 = Debug|x86
		Release|Any CPU = Release|Any CPU
		Release|ARM = Release|ARM
		Release|iPhone = Release|iPhone
		Release|iPhoneSimulator = Release|iPhoneSimulator
		Release|x64 = Release|x64
		Release|x86 = Release|x86
	EndGlobalSection
	GlobalSection(ProjectConfigurationPlatforms) = postSolution
		{7F07EF2F-77C4-4248-BEFB-4922C2B57D34}.Debug|Any CPU.ActiveCfg = Debug|x86
		{7F07EF2F-77C4-4248-BEFB-4922C2B57D34}.Debug|Any CPU.Build.0 = Debug|x86
		{7F07EF2F-77C4-4248-BEFB-4922C2B57D34}.Debug|Any CPU.Deploy.0 = Debug|x86
		{7F07EF2F-77C4-4248-BEFB-4922C2B57D34}.Debug|ARM.ActiveCfg = Debug|ARM
		{7F07EF2F-77C4-4248-BEFB-4922C2B57D34}.Debug|ARM.Build.0 = Debug|ARM
		{7F07EF2F-77C4-4248-BEFB-4922C2B57D34}.Debug|ARM.Deploy.0 = Debug|ARM
		{7F07EF2F-77C4-4248-BEFB-4922C2B57D34}.Debug|iPhone.ActiveCfg = Debug|x86
		{7F07EF2F-77C4-4248-BEFB-4922C2B57D34}.Debug|iPhone.Build.0 = Debug|x86
		{7F07EF2F-77C4-4248-BEFB-4922C2B57D34}.Debug|iPhone.Deploy.0 = Debug|x86
		{7F07EF2F-77C4-4248-BEFB-4922C2B57D34}.Debug|iPhoneSimulator.ActiveCfg = Debug|x86
		{7F07EF2F-77C4-4248-BEFB-4922C2B57D34}.Debug|iPhoneSimulator.Build.0 = Debug|x86
		{7F07EF2F-77C4-4248-BEFB-4922C2B57D34}.Debug|iPhoneSimulator.Deploy.0 = Debug|x86
		{7F07EF2F-77C4-4248-BEFB-4922C2B57D34}.Debug|x64.ActiveCfg = Debug|x64
		{7F07EF2F-77C4-4248-BEFB-4922C2B57D34}.Debug|x64.Build.0 = Debug|x64
		{7F07EF2F-77C4-4248-BEFB-4922C2B57D34}.Debug|x64.Deploy.0 = Debug|x64
		{7F07EF2F-77C4-4248-BEFB-4922C2B57D34}.Debug|x86.ActiveCfg = Debug|x86
		{7F07EF2F-77C4-4248-BEFB-4922C2B57D34}.Debug|x86.Build.0 = Debug|x86
		{7F07EF2F-77C4-4248-BEFB-4922C2B57D34}.Debug|x86.Deploy.0 = Debug|x86
		{7F07EF2F-77C4-4248-BEFB-4922C2B57D34}.Release|Any CPU.ActiveCfg = Release|x86
		{7F07EF2F-77C4-4248-BEFB-4922C2B57D34}.Release|Any CPU.Build.0 = Release|x86
		{7F07EF2F-77C4-4248-BEFB-4922C2B57D34}.Release|Any CPU.Deploy.0 = Release|x86
		{7F07EF2F-77C4-4248-BEFB-4922C2B57D34}.Release|ARM.ActiveCfg = Release|ARM
		{7F07EF2F-77C4-4248-BEFB-4922C2B57D34}.Release|ARM.Build.0 = Release|ARM
		{7F07EF2F-77C4-4248-BEFB-4922C2B57D34}.Release|ARM.Deploy.0 = Release|ARM
		{7F07EF2F-77C4-4248-BEFB-4922C2B57D34}.Release|iPhone.ActiveCfg = Release|x86
		{7F07EF2F-77C4-4248-BEFB-4922C2B57D34}.Release|iPhone.Build.0 = Release|x86
		{7F07EF2F-77C4-4248-BEFB-4922C2B57D34}.Release|iPhone.Deploy.0 = Release|x86
		{7F07EF2F-77C4-4248-BEFB-4922C2B57D34}.Release|iPhoneSimulator.ActiveCfg = Release|x86
		{7F07EF2F-77C4-4248-BEFB-4922C2B57D34}.Release|iPhoneSimulator.Build.0 = Release|x86
		{7F07EF2F-77C4-4248-BEFB-4922C2B57D34}.Release|iPhoneSimulator.Deploy.0 = Release|x86
		{7F07EF2F-77C4-4248-BEFB-4922C2B57D34}.Release|x64.ActiveCfg = Release|x64
		{7F07EF2F-77C4-4248-BEFB-4922C2B57D34}.Release|x64.Build.0 = Release|x64
		{7F07EF2F-77C4-4248-BEFB-4922C2B57D34}.Release|x64.Deploy.0 = Release|x64
		{7F07EF2F-77C4-4248-BEFB-4922C2B57D34}.Release|x86.ActiveCfg = Release|x86
		{7F07EF2F-77C4-4248-BEFB-4922C2B57D34}.Release|x86.Build.0 = Release|x86
		{7F07EF2F-77C4-4248-BEFB-4922C2B57D34}.Release|x86.Deploy.0 = Release|x86
		{9D1F8FFC-8B68-4DFF-8107-7782E77FC723}.Debug|Any CPU.ActiveCfg = Debug|Any CPU
		{9D1F8FFC-8B68-4DFF-8107-7782E77FC723}.Debug|Any CPU.Build.0 = Debug|Any CPU
		{9D1F8FFC-8B68-4DFF-8107-7782E77FC723}.Debug|Any CPU.Deploy.0 = Debug|Any CPU
		{9D1F8FFC-8B68-4DFF-8107-7782E77FC723}.Debug|ARM.ActiveCfg = Debug|Any CPU
		{9D1F8FFC-8B68-4DFF-8107-7782E77FC723}.Debug|ARM.Build.0 = Debug|Any CPU
		{9D1F8FFC-8B68-4DFF-8107-7782E77FC723}.Debug|ARM.Deploy.0 = Debug|Any CPU
		{9D1F8FFC-8B68-4DFF-8107-7782E77FC723}.Debug|iPhone.ActiveCfg = Debug|Any CPU
		{9D1F8FFC-8B68-4DFF-8107-7782E77FC723}.Debug|iPhone.Build.0 = Debug|Any CPU
		{9D1F8FFC-8B68-4DFF-8107-7782E77FC723}.Debug|iPhone.Deploy.0 = Debug|Any CPU
		{9D1F8FFC-8B68-4DFF-8107-7782E77FC723}.Debug|iPhoneSimulator.ActiveCfg = Debug|Any CPU
		{9D1F8FFC-8B68-4DFF-8107-7782E77FC723}.Debug|iPhoneSimulator.Build.0 = Debug|Any CPU
		{9D1F8FFC-8B68-4DFF-8107-7782E77FC723}.Debug|iPhoneSimulator.Deploy.0 = Debug|Any CPU
		{9D1F8FFC-8B68-4DFF-8107-7782E77FC723}.Debug|x64.ActiveCfg = Debug|Any CPU
		{9D1F8FFC-8B68-4DFF-8107-7782E77FC723}.Debug|x64.Build.0 = Debug|Any CPU
		{9D1F8FFC-8B68-4DFF-8107-7782E77FC723}.Debug|x64.Deploy.0 = Debug|Any CPU
		{9D1F8FFC-8B68-4DFF-8107-7782E77FC723}.Debug|x86.ActiveCfg = Debug|Any CPU
		{9D1F8FFC-8B68-4DFF-8107-7782E77FC723}.Debug|x86.Build.0 = Debug|Any CPU
		{9D1F8FFC-8B68-4DFF-8107-7782E77FC723}.Debug|x86.Deploy.0 = Debug|Any CPU
		{9D1F8FFC-8B68-4DFF-8107-7782E77FC723}.Release|Any CPU.ActiveCfg = Release|Any CPU
		{9D1F8FFC-8B68-4DFF-8107-7782E77FC723}.Release|Any CPU.Build.0 = Release|Any CPU
		{9D1F8FFC-8B68-4DFF-8107-7782E77FC723}.Release|Any CPU.Deploy.0 = Release|Any CPU
		{9D1F8FFC-8B68-4DFF-8107-7782E77FC723}.Release|ARM.ActiveCfg = Release|Any CPU
		{9D1F8FFC-8B68-4DFF-8107-7782E77FC723}.Release|ARM.Build.0 = Release|Any CPU
		{9D1F8FFC-8B68-4DFF-8107-7782E77FC723}.Release|ARM.Deploy.0 = Release|Any CPU
		{9D1F8FFC-8B68-4DFF-8107-7782E77FC723}.Release|iPhone.ActiveCfg = Release|Any CPU
		{9D1F8FFC-8B68-4DFF-8107-7782E77FC723}.Release|iPhone.Build.0 = Release|Any CPU
		{9D1F8FFC-8B68-4DFF-8107-7782E77FC723}.Release|iPhone.Deploy.0 = Release|Any CPU
		{9D1F8FFC-8B68-4DFF-8107-7782E77FC723}.Release|iPhoneSimulator.ActiveCfg = Release|Any CPU
		{9D1F8FFC-8B68-4DFF-8107-7782E77FC723}.Release|iPhoneSimulator.Build.0 = Release|Any CPU
		{9D1F8FFC-8B68-4DFF-8107-7782E77FC723}.Release|iPhoneSimulator.Deploy.0 = Release|Any CPU
		{9D1F8FFC-8B68-4DFF-8107-7782E77FC723}.Release|x64.ActiveCfg = Release|Any CPU
		{9D1F8FFC-8B68-4DFF-8107-7782E77FC723}.Release|x64.Build.0 = Release|Any CPU
		{9D1F8FFC-8B68-4DFF-8107-7782E77FC723}.Release|x64.Deploy.0 = Release|Any CPU
		{9D1F8FFC-8B68-4DFF-8107-7782E77FC723}.Release|x86.ActiveCfg = Release|Any CPU
		{9D1F8FFC-8B68-4DFF-8107-7782E77FC723}.Release|x86.Build.0 = Release|Any CPU
		{9D1F8FFC-8B68-4DFF-8107-7782E77FC723}.Release|x86.Deploy.0 = Release|Any CPU
		{DB577400-3217-4617-A45D-A4609A24FDA2}.Debug|Any CPU.ActiveCfg = Debug|iPhone
		{DB577400-3217-4617-A45D-A4609A24FDA2}.Debug|Any CPU.Build.0 = Debug|iPhone
		{DB577400-3217-4617-A45D-A4609A24FDA2}.Debug|Any CPU.Deploy.0 = Debug|iPhone
		{DB577400-3217-4617-A45D-A4609A24FDA2}.Debug|ARM.ActiveCfg = Debug|iPhoneSimulator
		{DB577400-3217-4617-A45D-A4609A24FDA2}.Debug|ARM.Build.0 = Debug|iPhoneSimulator
		{DB577400-3217-4617-A45D-A4609A24FDA2}.Debug|ARM.Deploy.0 = Debug|iPhoneSimulator
		{DB577400-3217-4617-A45D-A4609A24FDA2}.Debug|iPhone.ActiveCfg = Debug|iPhone
		{DB577400-3217-4617-A45D-A4609A24FDA2}.Debug|iPhone.Build.0 = Debug|iPhone
		{DB577400-3217-4617-A45D-A4609A24FDA2}.Debug|iPhone.Deploy.0 = Debug|iPhone
		{DB577400-3217-4617-A45D-A4609A24FDA2}.Debug|iPhoneSimulator.ActiveCfg = Debug|iPhoneSimulator
		{DB577400-3217-4617-A45D-A4609A24FDA2}.Debug|iPhoneSimulator.Build.0 = Debug|iPhoneSimulator
		{DB577400-3217-4617-A45D-A4609A24FDA2}.Debug|iPhoneSimulator.Deploy.0 = Debug|iPhoneSimulator
		{DB577400-3217-4617-A45D-A4609A24FDA2}.Debug|x64.ActiveCfg = Debug|iPhone
		{DB577400-3217-4617-A45D-A4609A24FDA2}.Debug|x64.Build.0 = Debug|iPhone
		{DB577400-3217-4617-A45D-A4609A24FDA2}.Debug|x64.Deploy.0 = Debug|iPhone
		{DB577400-3217-4617-A45D-A4609A24FDA2}.Debug|x86.ActiveCfg = Debug|iPhone
		{DB577400-3217-4617-A45D-A4609A24FDA2}.Debug|x86.Build.0 = Debug|iPhone
		{DB577400-3217-4617-A45D-A4609A24FDA2}.Debug|x86.Deploy.0 = Debug|iPhone
		{DB577400-3217-4617-A45D-A4609A24FDA2}.Release|Any CPU.ActiveCfg = Release|iPhone
		{DB577400-3217-4617-A45D-A4609A24FDA2}.Release|Any CPU.Build.0 = Release|iPhone
		{DB577400-3217-4617-A45D-A4609A24FDA2}.Release|Any CPU.Deploy.0 = Release|iPhone
		{DB577400-3217-4617-A45D-A4609A24FDA2}.Release|ARM.ActiveCfg = Release|iPhone
		{DB577400-3217-4617-A45D-A4609A24FDA2}.Release|ARM.Build.0 = Release|iPhone
		{DB577400-3217-4617-A45D-A4609A24FDA2}.Release|ARM.Deploy.0 = Release|iPhone
		{DB577400-3217-4617-A45D-A4609A24FDA2}.Release|iPhone.ActiveCfg = Release|iPhone
		{DB577400-3217-4617-A45D-A4609A24FDA2}.Release|iPhone.Build.0 = Release|iPhone
		{DB577400-3217-4617-A45D-A4609A24FDA2}.Release|iPhone.Deploy.0 = Release|iPhone
		{DB577400-3217-4617-A45D-A4609A24FDA2}.Release|iPhoneSimulator.ActiveCfg = Release|iPhoneSimulator
		{DB577400-3217-4617-A45D-A4609A24FDA2}.Release|iPhoneSimulator.Build.0 = Release|iPhoneSimulator
		{DB577400-3217-4617-A45D-A4609A24FDA2}.Release|iPhoneSimulator.Deploy.0 = Release|iPhoneSimulator
		{DB577400-3217-4617-A45D-A4609A24FDA2}.Release|x64.ActiveCfg = Release|iPhone
		{DB577400-3217-4617-A45D-A4609A24FDA2}.Release|x64.Build.0 = Release|iPhone
		{DB577400-3217-4617-A45D-A4609A24FDA2}.Release|x64.Deploy.0 = Release|iPhone
		{DB577400-3217-4617-A45D-A4609A24FDA2}.Release|x86.ActiveCfg = Release|iPhone
		{DB577400-3217-4617-A45D-A4609A24FDA2}.Release|x86.Build.0 = Release|iPhone
		{DB577400-3217-4617-A45D-A4609A24FDA2}.Release|x86.Deploy.0 = Release|iPhone
		{5887ECCE-A6CC-4DD9-9863-C221A51F6BF9}.Debug|Any CPU.ActiveCfg = Debug|Any CPU
		{5887ECCE-A6CC-4DD9-9863-C221A51F6BF9}.Debug|Any CPU.Build.0 = Debug|Any CPU
		{5887ECCE-A6CC-4DD9-9863-C221A51F6BF9}.Debug|Any CPU.Deploy.0 = Debug|Any CPU
		{5887ECCE-A6CC-4DD9-9863-C221A51F6BF9}.Debug|ARM.ActiveCfg = Debug|Any CPU
		{5887ECCE-A6CC-4DD9-9863-C221A51F6BF9}.Debug|ARM.Build.0 = Debug|Any CPU
		{5887ECCE-A6CC-4DD9-9863-C221A51F6BF9}.Debug|ARM.Deploy.0 = Debug|Any CPU
		{5887ECCE-A6CC-4DD9-9863-C221A51F6BF9}.Debug|iPhone.ActiveCfg = Debug|Any CPU
		{5887ECCE-A6CC-4DD9-9863-C221A51F6BF9}.Debug|iPhone.Build.0 = Debug|Any CPU
		{5887ECCE-A6CC-4DD9-9863-C221A51F6BF9}.Debug|iPhone.Deploy.0 = Debug|Any CPU
		{5887ECCE-A6CC-4DD9-9863-C221A51F6BF9}.Debug|iPhoneSimulator.ActiveCfg = Debug|Any CPU
		{5887ECCE-A6CC-4DD9-9863-C221A51F6BF9}.Debug|iPhoneSimulator.Build.0 = Debug|Any CPU
		{5887ECCE-A6CC-4DD9-9863-C221A51F6BF9}.Debug|iPhoneSimulator.Deploy.0 = Debug|Any CPU
		{5887ECCE-A6CC-4DD9-9863-C221A51F6BF9}.Debug|x64.ActiveCfg = Debug|Any CPU
		{5887ECCE-A6CC-4DD9-9863-C221A51F6BF9}.Debug|x64.Build.0 = Debug|Any CPU
		{5887ECCE-A6CC-4DD9-9863-C221A51F6BF9}.Debug|x64.Deploy.0 = Debug|Any CPU
		{5887ECCE-A6CC-4DD9-9863-C221A51F6BF9}.Debug|x86.ActiveCfg = Debug|Any CPU
		{5887ECCE-A6CC-4DD9-9863-C221A51F6BF9}.Debug|x86.Build.0 = Debug|Any CPU
		{5887ECCE-A6CC-4DD9-9863-C221A51F6BF9}.Debug|x86.Deploy.0 = Debug|Any CPU
		{5887ECCE-A6CC-4DD9-9863-C221A51F6BF9}.Release|Any CPU.ActiveCfg = Release|Any CPU
		{5887ECCE-A6CC-4DD9-9863-C221A51F6BF9}.Release|Any CPU.Build.0 = Release|Any CPU
		{5887ECCE-A6CC-4DD9-9863-C221A51F6BF9}.Release|Any CPU.Deploy.0 = Release|Any CPU
		{5887ECCE-A6CC-4DD9-9863-C221A51F6BF9}.Release|ARM.ActiveCfg = Release|Any CPU
		{5887ECCE-A6CC-4DD9-9863-C221A51F6BF9}.Release|ARM.Build.0 = Release|Any CPU
		{5887ECCE-A6CC-4DD9-9863-C221A51F6BF9}.Release|ARM.Deploy.0 = Release|Any CPU
		{5887ECCE-A6CC-4DD9-9863-C221A51F6BF9}.Release|iPhone.ActiveCfg = Release|Any CPU
		{5887ECCE-A6CC-4DD9-9863-C221A51F6BF9}.Release|iPhone.Build.0 = Release|Any CPU
		{5887ECCE-A6CC-4DD9-9863-C221A51F6BF9}.Release|iPhone.Deploy.0 = Release|Any CPU
		{5887ECCE-A6CC-4DD9-9863-C221A51F6BF9}.Release|iPhoneSimulator.ActiveCfg = Release|Any CPU
		{5887ECCE-A6CC-4DD9-9863-C221A51F6BF9}.Release|iPhoneSimulator.Build.0 = Release|Any CPU
		{5887ECCE-A6CC-4DD9-9863-C221A51F6BF9}.Release|iPhoneSimulator.Deploy.0 = Release|Any CPU
		{5887ECCE-A6CC-4DD9-9863-C221A51F6BF9}.Release|x64.ActiveCfg = Release|Any CPU
		{5887ECCE-A6CC-4DD9-9863-C221A51F6BF9}.Release|x64.Build.0 = Release|Any CPU
		{5887ECCE-A6CC-4DD9-9863-C221A51F6BF9}.Release|x64.Deploy.0 = Release|Any CPU
		{5887ECCE-A6CC-4DD9-9863-C221A51F6BF9}.Release|x86.ActiveCfg = Release|Any CPU
		{5887ECCE-A6CC-4DD9-9863-C221A51F6BF9}.Release|x86.Build.0 = Release|Any CPU
		{5887ECCE-A6CC-4DD9-9863-C221A51F6BF9}.Release|x86.Deploy.0 = Release|Any CPU
	EndGlobalSection
	GlobalSection(SolutionProperties) = preSolution
		HideSolutionNode = FALSE
	EndGlobalSection
	GlobalSection(ExtensibilityGlobals) = postSolution
		SolutionGuid = {25DEE6ED-63D0-453F-8C3C-3A03490C3853}
	EndGlobalSection
EndGlobal
